
Microsoft Visual Studio Solution File, Format Version 12.00
# Visual Studio 15
VisualStudioVersion = 15.0.28307.902
MinimumVisualStudioVersion = 10.0.40219.1
Project("{FAE04EC0-301F-11D3-BF4B-00C04F79EFBC}") = "AsymetricCryptographyApi", "AsymetricCryptographyApi\AsymetricCryptographyApi.csproj", "{D1C9C4D1-640E-471B-8817-17198B29381C}"
EndProject
Global
	GlobalSection(SolutionConfigurationPlatforms) = preSolution
		Debug|Any CPU = Debug|Any CPU
		Release|Any CPU = Release|Any CPU
	EndGlobalSection
	GlobalSection(ProjectConfigurationPlatforms) = postSolution
		{D1C9C4D1-640E-471B-8817-17198B29381C}.Debug|Any CPU.ActiveCfg = Debug|Any CPU
		{D1C9C4D1-640E-471B-8817-17198B29381C}.Debug|Any CPU.Build.0 = Debug|Any CPU
		{D1C9C4D1-640E-471B-8817-17198B29381C}.Release|Any CPU.ActiveCfg = Release|Any CPU
		{D1C9C4D1-640E-471B-8817-17198B29381C}.Release|Any CPU.Build.0 = Release|Any CPU
	EndGlobalSection
	GlobalSection(SolutionProperties) = preSolution
		HideSolutionNode = FALSE
	EndGlobalSection
	GlobalSection(ExtensibilityGlobals) = postSolution
		SolutionGuid = {B6B80D56-D0D8-40BA-9316-5FDE7E2E6350}
	EndGlobalSection
EndGlobal
